
Microsoft Visual Studio Solution File, Format Version 12.00
# Visual Studio 15
VisualStudioVersion = 15.0.27703.2042
MinimumVisualStudioVersion = 10.0.40219.1
Project("{FAE04EC0-301F-11D3-BF4B-00C04F79EFBC}") = "JRoxEnterprises", "JRoxEnterprises\JRoxEnterprises.csproj", "{FF475B9C-98C3-4ECF-86B3-44714C580865}"
EndProject
Global
	GlobalSection(SolutionConfigurationPlatforms) = preSolution
		Debug|Any CPU = Debug|Any CPU
		Release|Any CPU = Release|Any CPU
	EndGlobalSection
	GlobalSection(ProjectConfigurationPlatforms) = postSolution
		{FF475B9C-98C3-4ECF-86B3-44714C580865}.Debug|Any CPU.ActiveCfg = Debug|Any CPU
		{FF475B9C-98C3-4ECF-86B3-44714C580865}.Debug|Any CPU.Build.0 = Debug|Any CPU
		{FF475B9C-98C3-4ECF-86B3-44714C580865}.Release|Any CPU.ActiveCfg = Release|Any CPU
		{FF475B9C-98C3-4ECF-86B3-44714C580865}.Release|Any CPU.Build.0 = Release|Any CPU
	EndGlobalSection
	GlobalSection(SolutionProperties) = preSolution
		HideSolutionNode = FALSE
	EndGlobalSection
	GlobalSection(ExtensibilityGlobals) = postSolution
		SolutionGuid = {A3B29D68-B1CB-4F74-ACC2-3E42CD026EB0}
	EndGlobalSection
EndGlobal
